# Generated by pub
# See https://dart.dev/tools/pub/glossary#lockfile
packages:
  collection:
    dependency: transitive
    description:
      name: collection
      url: "https://pub.dartlang.org"
    source: hosted
    version: "1.15.0"
  encode_endian:
    dependency: "direct main"
    description:
      name: encode_endian
      url: "https://pub.dartlang.org"
    source: hosted
    version: "1.0.0"
  isolate:
    dependency: "direct main"
    description:
      name: isolate
      url: "https://pub.dartlang.org"
    source: hosted
    version: "2.1.1"
  lints:
    dependency: "direct dev"
    description:
      name: lints
      url: "https://pub.dartlang.org"
    source: hosted
    version: "1.0.1"
  logger:
    dependency: "direct main"
    description:
      name: logger
      url: "https://pub.dartlang.org"
    source: hosted
    version: "1.1.0"
  udp:
    dependency: "direct main"
    description:
      name: udp
      url: "https://pub.dartlang.org"
    source: hosted
    version: "5.0.1"
sdks:
  dart: ">=2.14.4 <3.0.0"
